
Microsoft Visual Studio Solution File, Format Version 12.00
# Visual Studio Version 17
VisualStudioVersion = 17.4.33205.214
MinimumVisualStudioVersion = 10.0.40219.1
Project("{FAE04EC0-301F-11D3-BF4B-00C04F79EFBC}") = "AcquireX.API", "AcquireX\AcquireX.API.csproj", "{693C62E5-4610-4F85-A5DC-D73B51E87E13}"
EndProject
Project("{FAE04EC0-301F-11D3-BF4B-00C04F79EFBC}") = "AcquireX.Wrap", "AcquireX.Wrap\AcquireX.Wrap.csproj", "{26F43862-8432-4185-A004-70E24ABDA864}"
EndProject
Global
	GlobalSection(SolutionConfigurationPlatforms) = preSolution
		Debug|Any CPU = Debug|Any CPU
		Release|Any CPU = Release|Any CPU
	EndGlobalSection
	GlobalSection(ProjectConfigurationPlatforms) = postSolution
		{693C62E5-4610-4F85-A5DC-D73B51E87E13}.Debug|Any CPU.ActiveCfg = Debug|Any CPU
		{693C62E5-4610-4F85-A5DC-D73B51E87E13}.Debug|Any CPU.Build.0 = Debug|Any CPU
		{693C62E5-4610-4F85-A5DC-D73B51E87E13}.Release|Any CPU.ActiveCfg = Release|Any CPU
		{693C62E5-4610-4F85-A5DC-D73B51E87E13}.Release|Any CPU.Build.0 = Release|Any CPU
		{26F43862-8432-4185-A004-70E24ABDA864}.Debug|Any CPU.ActiveCfg = Debug|Any CPU
		{26F43862-8432-4185-A004-70E24ABDA864}.Debug|Any CPU.Build.0 = Debug|Any CPU
		{26F43862-8432-4185-A004-70E24ABDA864}.Release|Any CPU.ActiveCfg = Release|Any CPU
		{26F43862-8432-4185-A004-70E24ABDA864}.Release|Any CPU.Build.0 = Release|Any CPU
	EndGlobalSection
	GlobalSection(SolutionProperties) = preSolution
		HideSolutionNode = FALSE
	EndGlobalSection
	GlobalSection(ExtensibilityGlobals) = postSolution
		SolutionGuid = {034D54AF-FAF6-4C74-BC8D-67A8FD99E59D}
	EndGlobalSection
EndGlobal
